// !$*UTF8*$!
{
	archiveVersion = 1;
	classes = {
	};
	objectVersion = 56;
	objects = {

/* Begin PBXBuildFile section */
		290629F229F286A60048434E /* LoginView.swift in Sources */ = {isa = PBXBuildFile; fileRef = 290629F129F286A60048434E /* LoginView.swift */; };
		290629F429F480260048434E /* RegisterView.swift in Sources */ = {isa = PBXBuildFile; fileRef = 290629F329F480260048434E /* RegisterView.swift */; };
		290629F729F482050048434E /* LoginViewModel.swift in Sources */ = {isa = PBXBuildFile; fileRef = 290629F629F482050048434E /* LoginViewModel.swift */; };
		290629FA29F711020048434E /* RegisterViewModel.swift in Sources */ = {isa = PBXBuildFile; fileRef = 290629F929F711020048434E /* RegisterViewModel.swift */; };
		292E123929FBBB2C00190114 /* HomeView.swift in Sources */ = {isa = PBXBuildFile; fileRef = 292E123829FBBB2C00190114 /* HomeView.swift */; };
		292E123B29FBBB3900190114 /* HomeViewModel.swift in Sources */ = {isa = PBXBuildFile; fileRef = 292E123A29FBBB3900190114 /* HomeViewModel.swift */; };
		292E123D2A02AC9000190114 /* Constants.swift in Sources */ = {isa = PBXBuildFile; fileRef = 292E123C2A02AC9000190114 /* Constants.swift */; };
		292E12402A02D6C300190114 /* TopicView.swift in Sources */ = {isa = PBXBuildFile; fileRef = 292E123F2A02D6C300190114 /* TopicView.swift */; };
		292E12422A02D6CF00190114 /* TopicViewModel.swift in Sources */ = {isa = PBXBuildFile; fileRef = 292E12412A02D6CF00190114 /* TopicViewModel.swift */; };
		292E12452A043B2E00190114 /* StatsView.swift in Sources */ = {isa = PBXBuildFile; fileRef = 292E12442A043B2E00190114 /* StatsView.swift */; };
		292E12472A043B3C00190114 /* StatsViewModel.swift in Sources */ = {isa = PBXBuildFile; fileRef = 292E12462A043B3C00190114 /* StatsViewModel.swift */; };
		292E124A2A04468600190114 /* ProfileView.swift in Sources */ = {isa = PBXBuildFile; fileRef = 292E12492A04468600190114 /* ProfileView.swift */; };
		292E124C2A04469500190114 /* ProfileViewModel.swift in Sources */ = {isa = PBXBuildFile; fileRef = 292E124B2A04469500190114 /* ProfileViewModel.swift */; };
		293F99C32A0454D3003D646E /* NavbarItem.swift in Sources */ = {isa = PBXBuildFile; fileRef = 293F99C22A0454D3003D646E /* NavbarItem.swift */; };
		293F99C52A046171003D646E /* MainView.swift in Sources */ = {isa = PBXBuildFile; fileRef = 293F99C42A046171003D646E /* MainView.swift */; };
		294D609629F1D25B00CE0463 /* LimboApp.swift in Sources */ = {isa = PBXBuildFile; fileRef = 294D609529F1D25B00CE0463 /* LimboApp.swift */; };
		294D609829F1D25B00CE0463 /* FirstView.swift in Sources */ = {isa = PBXBuildFile; fileRef = 294D609729F1D25B00CE0463 /* FirstView.swift */; };
		294D609A29F1D25C00CE0463 /* Assets.xcassets in Resources */ = {isa = PBXBuildFile; fileRef = 294D609929F1D25C00CE0463 /* Assets.xcassets */; };
		294D609D29F1D25C00CE0463 /* Preview Assets.xcassets in Resources */ = {isa = PBXBuildFile; fileRef = 294D609C29F1D25C00CE0463 /* Preview Assets.xcassets */; };
		294D60BB29F1D54500CE0463 /* Montserrat-SemiBold.ttf in Resources */ = {isa = PBXBuildFile; fileRef = 294D60A929F1D54400CE0463 /* Montserrat-SemiBold.ttf */; };
		294D60C029F1D54500CE0463 /* Montserrat-Light.ttf in Resources */ = {isa = PBXBuildFile; fileRef = 294D60AE29F1D54400CE0463 /* Montserrat-Light.ttf */; };
		294D60C329F1D54500CE0463 /* Montserrat-Bold.ttf in Resources */ = {isa = PBXBuildFile; fileRef = 294D60B129F1D54400CE0463 /* Montserrat-Bold.ttf */; };
		294D60C429F1D54500CE0463 /* Montserrat-Medium.ttf in Resources */ = {isa = PBXBuildFile; fileRef = 294D60B229F1D54500CE0463 /* Montserrat-Medium.ttf */; };
		294D60C629F1D54500CE0463 /* Montserrat-Regular.ttf in Resources */ = {isa = PBXBuildFile; fileRef = 294D60B429F1D54500CE0463 /* Montserrat-Regular.ttf */; };
		294D60CA29F1E2C800CE0463 /* GradientButton.swift in Sources */ = {isa = PBXBuildFile; fileRef = 294D60C929F1E2C800CE0463 /* GradientButton.swift */; };
		294F37B52A0D3BCB00354BED /* Colors.swift in Sources */ = {isa = PBXBuildFile; fileRef = 294F37B42A0D3BCB00354BED /* Colors.swift */; };
		294F37B72A0D411200354BED /* LinearGradients.swift in Sources */ = {isa = PBXBuildFile; fileRef = 294F37B62A0D411200354BED /* LinearGradients.swift */; };
/* End PBXBuildFile section */

/* Begin PBXFileReference section */
		290629F129F286A60048434E /* LoginView.swift */ = {isa = PBXFileReference; lastKnownFileType = sourcecode.swift; path = LoginView.swift; sourceTree = "<group>"; };
		290629F329F480260048434E /* RegisterView.swift */ = {isa = PBXFileReference; lastKnownFileType = sourcecode.swift; path = RegisterView.swift; sourceTree = "<group>"; };
		290629F629F482050048434E /* LoginViewModel.swift */ = {isa = PBXFileReference; lastKnownFileType = sourcecode.swift; path = LoginViewModel.swift; sourceTree = "<group>"; };
		290629F929F711020048434E /* RegisterViewModel.swift */ = {isa = PBXFileReference; lastKnownFileType = sourcecode.swift; path = RegisterViewModel.swift; sourceTree = "<group>"; };
		292E123829FBBB2C00190114 /* HomeView.swift */ = {isa = PBXFileReference; lastKnownFileType = sourcecode.swift; path = HomeView.swift; sourceTree = "<group>"; };
		292E123A29FBBB3900190114 /* HomeViewModel.swift */ = {isa = PBXFileReference; lastKnownFileType = sourcecode.swift; path = HomeViewModel.swift; sourceTree = "<group>"; };
		292E123C2A02AC9000190114 /* Constants.swift */ = {isa = PBXFileReference; lastKnownFileType = sourcecode.swift; path = Constants.swift; sourceTree = "<group>"; };
		292E123F2A02D6C300190114 /* TopicView.swift */ = {isa = PBXFileReference; lastKnownFileType = sourcecode.swift; path = TopicView.swift; sourceTree = "<group>"; };
		292E12412A02D6CF00190114 /* TopicViewModel.swift */ = {isa = PBXFileReference; lastKnownFileType = sourcecode.swift; path = TopicViewModel.swift; sourceTree = "<group>"; };
		292E12442A043B2E00190114 /* StatsView.swift */ = {isa = PBXFileReference; lastKnownFileType = sourcecode.swift; path = StatsView.swift; sourceTree = "<group>"; };
		292E12462A043B3C00190114 /* StatsViewModel.swift */ = {isa = PBXFileReference; lastKnownFileType = sourcecode.swift; path = StatsViewModel.swift; sourceTree = "<group>"; };
		292E12492A04468600190114 /* ProfileView.swift */ = {isa = PBXFileReference; lastKnownFileType = sourcecode.swift; path = ProfileView.swift; sourceTree = "<group>"; };
		292E124B2A04469500190114 /* ProfileViewModel.swift */ = {isa = PBXFileReference; lastKnownFileType = sourcecode.swift; path = ProfileViewModel.swift; sourceTree = "<group>"; };
		293F99C22A0454D3003D646E /* NavbarItem.swift */ = {isa = PBXFileReference; lastKnownFileType = sourcecode.swift; path = NavbarItem.swift; sourceTree = "<group>"; };
		293F99C42A046171003D646E /* MainView.swift */ = {isa = PBXFileReference; lastKnownFileType = sourcecode.swift; path = MainView.swift; sourceTree = "<group>"; };
		294D609229F1D25B00CE0463 /* Limbo.app */ = {isa = PBXFileReference; explicitFileType = wrapper.application; includeInIndex = 0; path = Limbo.app; sourceTree = BUILT_PRODUCTS_DIR; };
		294D609529F1D25B00CE0463 /* LimboApp.swift */ = {isa = PBXFileReference; lastKnownFileType = sourcecode.swift; path = LimboApp.swift; sourceTree = "<group>"; };
		294D609729F1D25B00CE0463 /* FirstView.swift */ = {isa = PBXFileReference; lastKnownFileType = sourcecode.swift; path = FirstView.swift; sourceTree = "<group>"; };
		294D609929F1D25C00CE0463 /* Assets.xcassets */ = {isa = PBXFileReference; lastKnownFileType = folder.assetcatalog; path = Assets.xcassets; sourceTree = "<group>"; };
		294D609C29F1D25C00CE0463 /* Preview Assets.xcassets */ = {isa = PBXFileReference; lastKnownFileType = folder.assetcatalog; path = "Preview Assets.xcassets"; sourceTree = "<group>"; };
		294D60A929F1D54400CE0463 /* Montserrat-SemiBold.ttf */ = {isa = PBXFileReference; lastKnownFileType = file; path = "Montserrat-SemiBold.ttf"; sourceTree = "<group>"; };
		294D60AE29F1D54400CE0463 /* Montserrat-Light.ttf */ = {isa = PBXFileReference; lastKnownFileType = file; path = "Montserrat-Light.ttf"; sourceTree = "<group>"; };
		294D60B129F1D54400CE0463 /* Montserrat-Bold.ttf */ = {isa = PBXFileReference; lastKnownFileType = file; path = "Montserrat-Bold.ttf"; sourceTree = "<group>"; };
		294D60B229F1D54500CE0463 /* Montserrat-Medium.ttf */ = {isa = PBXFileReference; lastKnownFileType = file; path = "Montserrat-Medium.ttf"; sourceTree = "<group>"; };
		294D60B429F1D54500CE0463 /* Montserrat-Regular.ttf */ = {isa = PBXFileReference; lastKnownFileType = file; path = "Montserrat-Regular.ttf"; sourceTree = "<group>"; };
		294D60C829F1D5C100CE0463 /* Info.plist */ = {isa = PBXFileReference; lastKnownFileType = text.plist; path = Info.plist; sourceTree = "<group>"; };
		294D60C929F1E2C800CE0463 /* GradientButton.swift */ = {isa = PBXFileReference; lastKnownFileType = sourcecode.swift; path = GradientButton.swift; sourceTree = "<group>"; };
		294F37B42A0D3BCB00354BED /* Colors.swift */ = {isa = PBXFileReference; lastKnownFileType = sourcecode.swift; path = Colors.swift; sourceTree = "<group>"; };
		294F37B62A0D411200354BED /* LinearGradients.swift */ = {isa = PBXFileReference; lastKnownFileType = sourcecode.swift; path = LinearGradients.swift; sourceTree = "<group>"; };
/* End PBXFileReference section */

/* Begin PBXFrameworksBuildPhase section */
		294D608F29F1D25B00CE0463 /* Frameworks */ = {
			isa = PBXFrameworksBuildPhase;
			buildActionMask = 2147483647;
			files = (
			);
			runOnlyForDeploymentPostprocessing = 0;
		};
/* End PBXFrameworksBuildPhase section */

/* Begin PBXGroup section */
		290629F529F481EA0048434E /* LoginView */ = {
			isa = PBXGroup;
			children = (
				290629F129F286A60048434E /* LoginView.swift */,
				290629F629F482050048434E /* LoginViewModel.swift */,
			);
			path = LoginView;
			sourceTree = "<group>";
		};
		290629F829F710F40048434E /* RegisterView */ = {
			isa = PBXGroup;
			children = (
				290629F329F480260048434E /* RegisterView.swift */,
				290629F929F711020048434E /* RegisterViewModel.swift */,
			);
			path = RegisterView;
			sourceTree = "<group>";
		};
		292E123729FBBB1800190114 /* HomeView */ = {
			isa = PBXGroup;
			children = (
				292E123829FBBB2C00190114 /* HomeView.swift */,
				292E123A29FBBB3900190114 /* HomeViewModel.swift */,
			);
			path = HomeView;
			sourceTree = "<group>";
		};
		292E123E2A02D6B000190114 /* TopicView */ = {
			isa = PBXGroup;
			children = (
				292E123F2A02D6C300190114 /* TopicView.swift */,
				292E12412A02D6CF00190114 /* TopicViewModel.swift */,
			);
			path = TopicView;
			sourceTree = "<group>";
		};
		292E12432A043B1F00190114 /* StatsView */ = {
			isa = PBXGroup;
			children = (
				292E12442A043B2E00190114 /* StatsView.swift */,
				292E12462A043B3C00190114 /* StatsViewModel.swift */,
			);
			path = StatsView;
			sourceTree = "<group>";
		};
		292E12482A04467100190114 /* ProfileView */ = {
			isa = PBXGroup;
			children = (
				292E12492A04468600190114 /* ProfileView.swift */,
				292E124B2A04469500190114 /* ProfileViewModel.swift */,
			);
			path = ProfileView;
			sourceTree = "<group>";
		};
		294D608929F1D25B00CE0463 = {
			isa = PBXGroup;
			children = (
				294D609429F1D25B00CE0463 /* Limbo */,
				294D609329F1D25B00CE0463 /* Products */,
			);
			sourceTree = "<group>";
		};
		294D609329F1D25B00CE0463 /* Products */ = {
			isa = PBXGroup;
			children = (
				294D609229F1D25B00CE0463 /* Limbo.app */,
			);
			name = Products;
			sourceTree = "<group>";
		};
		294D609429F1D25B00CE0463 /* Limbo */ = {
			isa = PBXGroup;
			children = (
				294D60CD29F1E63B00CE0463 /* Model */,
				294D609529F1D25B00CE0463 /* LimboApp.swift */,
				294D60CB29F1E5F100CE0463 /* Views */,
				294D60CC29F1E61700CE0463 /* Supporting Files */,
				294D609B29F1D25C00CE0463 /* Preview Content */,
				294D60C829F1D5C100CE0463 /* Info.plist */,
			);
			path = Limbo;
			sourceTree = "<group>";
		};
		294D609B29F1D25C00CE0463 /* Preview Content */ = {
			isa = PBXGroup;
			children = (
				294D609C29F1D25C00CE0463 /* Preview Assets.xcassets */,
			);
			path = "Preview Content";
			sourceTree = "<group>";
		};
		294D60A329F1D52B00CE0463 /* Fonts */ = {
			isa = PBXGroup;
			children = (
				294D60B129F1D54400CE0463 /* Montserrat-Bold.ttf */,
				294D60AE29F1D54400CE0463 /* Montserrat-Light.ttf */,
				294D60B229F1D54500CE0463 /* Montserrat-Medium.ttf */,
				294D60B429F1D54500CE0463 /* Montserrat-Regular.ttf */,
				294D60A929F1D54400CE0463 /* Montserrat-SemiBold.ttf */,
			);
			path = Fonts;
			sourceTree = "<group>";
		};
		294D60CB29F1E5F100CE0463 /* Views */ = {
			isa = PBXGroup;
			children = (
				292E12482A04467100190114 /* ProfileView */,
				292E12432A043B1F00190114 /* StatsView */,
				292E123E2A02D6B000190114 /* TopicView */,
				292E123729FBBB1800190114 /* HomeView */,
				290629F529F481EA0048434E /* LoginView */,
				290629F829F710F40048434E /* RegisterView */,
				294D609729F1D25B00CE0463 /* FirstView.swift */,
				293F99C42A046171003D646E /* MainView.swift */,
			);
			path = Views;
			sourceTree = "<group>";
		};
		294D60CC29F1E61700CE0463 /* Supporting Files */ = {
			isa = PBXGroup;
			children = (
				294D609929F1D25C00CE0463 /* Assets.xcassets */,
				294D60A329F1D52B00CE0463 /* Fonts */,
				292E123C2A02AC9000190114 /* Constants.swift */,
			);
			path = "Supporting Files";
			sourceTree = "<group>";
		};
		294D60CD29F1E63B00CE0463 /* Model */ = {
			isa = PBXGroup;
			children = (
				294D60C929F1E2C800CE0463 /* GradientButton.swift */,
				293F99C22A0454D3003D646E /* NavbarItem.swift */,
				294F37B42A0D3BCB00354BED /* Colors.swift */,
				294F37B62A0D411200354BED /* LinearGradients.swift */,
			);
			path = Model;
			sourceTree = "<group>";
		};
/* End PBXGroup section */

/* Begin PBXNativeTarget section */
		294D609129F1D25B00CE0463 /* Limbo */ = {
			isa = PBXNativeTarget;
			buildConfigurationList = 294D60A029F1D25C00CE0463 /* Build configuration list for PBXNativeTarget "Limbo" */;
			buildPhases = (
				294D608E29F1D25B00CE0463 /* Sources */,
				294D608F29F1D25B00CE0463 /* Frameworks */,
				294D609029F1D25B00CE0463 /* Resources */,
			);
			buildRules = (
			);
			dependencies = (
			);
			name = Limbo;
			productName = Limbo;
			productReference = 294D609229F1D25B00CE0463 /* Limbo.app */;
			productType = "com.apple.product-type.application";
		};
/* End PBXNativeTarget section */

/* Begin PBXProject section */
		294D608A29F1D25B00CE0463 /* Project object */ = {
			isa = PBXProject;
			attributes = {
				BuildIndependentTargetsInParallel = 1;
				LastSwiftUpdateCheck = 1420;
				LastUpgradeCheck = 1420;
				TargetAttributes = {
					294D609129F1D25B00CE0463 = {
						CreatedOnToolsVersion = 14.2;
					};
				};
			};
			buildConfigurationList = 294D608D29F1D25B00CE0463 /* Build configuration list for PBXProject "Limbo" */;
			compatibilityVersion = "Xcode 14.0";
			developmentRegion = en;
			hasScannedForEncodings = 0;
			knownRegions = (
				en,
				Base,
			);
			mainGroup = 294D608929F1D25B00CE0463;
			productRefGroup = 294D609329F1D25B00CE0463 /* Products */;
			projectDirPath = "";
			projectRoot = "";
			targets = (
				294D609129F1D25B00CE0463 /* Limbo */,
			);
		};
/* End PBXProject section */

/* Begin PBXResourcesBuildPhase section */
		294D609029F1D25B00CE0463 /* Resources */ = {
			isa = PBXResourcesBuildPhase;
			buildActionMask = 2147483647;
			files = (
				294D60C429F1D54500CE0463 /* Montserrat-Medium.ttf in Resources */,
				294D609D29F1D25C00CE0463 /* Preview Assets.xcassets in Resources */,
				294D60C629F1D54500CE0463 /* Montserrat-Regular.ttf in Resources */,
				294D609A29F1D25C00CE0463 /* Assets.xcassets in Resources */,
				294D60BB29F1D54500CE0463 /* Montserrat-SemiBold.ttf in Resources */,
				294D60C329F1D54500CE0463 /* Montserrat-Bold.ttf in Resources */,
				294D60C029F1D54500CE0463 /* Montserrat-Light.ttf in Resources */,
			);
			runOnlyForDeploymentPostprocessing = 0;
		};
/* End PBXResourcesBuildPhase section */

/* Begin PBXSourcesBuildPhase section */
		294D608E29F1D25B00CE0463 /* Sources */ = {
			isa = PBXSourcesBuildPhase;
			buildActionMask = 2147483647;
			files = (
				292E12472A043B3C00190114 /* StatsViewModel.swift in Sources */,
				294D609829F1D25B00CE0463 /* FirstView.swift in Sources */,
				292E123B29FBBB3900190114 /* HomeViewModel.swift in Sources */,
				290629F429F480260048434E /* RegisterView.swift in Sources */,
				294F37B72A0D411200354BED /* LinearGradients.swift in Sources */,
				293F99C32A0454D3003D646E /* NavbarItem.swift in Sources */,
				292E12402A02D6C300190114 /* TopicView.swift in Sources */,
				290629FA29F711020048434E /* RegisterViewModel.swift in Sources */,
				290629F729F482050048434E /* LoginViewModel.swift in Sources */,
				292E124A2A04468600190114 /* ProfileView.swift in Sources */,
				292E123D2A02AC9000190114 /* Constants.swift in Sources */,
				294D60CA29F1E2C800CE0463 /* GradientButton.swift in Sources */,
				292E123929FBBB2C00190114 /* HomeView.swift in Sources */,
				294F37B52A0D3BCB00354BED /* Colors.swift in Sources */,
				292E12452A043B2E00190114 /* StatsView.swift in Sources */,
				290629F229F286A60048434E /* LoginView.swift in Sources */,
				293F99C52A046171003D646E /* MainView.swift in Sources */,
				292E12422A02D6CF00190114 /* TopicViewModel.swift in Sources */,
				292E124C2A04469500190114 /* ProfileViewModel.swift in Sources */,
				294D609629F1D25B00CE0463 /* LimboApp.swift in Sources */,
			);
			runOnlyForDeploymentPostprocessing = 0;
		};
/* End PBXSourcesBuildPhase section */

/* Begin XCBuildConfiguration section */
		294D609E29F1D25C00CE0463 /* Debug */ = {
			isa = XCBuildConfiguration;
			buildSettings = {
				ALWAYS_SEARCH_USER_PATHS = NO;
				CLANG_ANALYZER_NONNULL = YES;
				CLANG_ANALYZER_NUMBER_OBJECT_CONVERSION = YES_AGGRESSIVE;
				CLANG_CXX_LANGUAGE_STANDARD = "gnu++20";
				CLANG_ENABLE_MODULES = YES;
				CLANG_ENABLE_OBJC_ARC = YES;
				CLANG_ENABLE_OBJC_WEAK = YES;
				CLANG_WARN_BLOCK_CAPTURE_AUTORELEASING = YES;
				CLANG_WARN_BOOL_CONVERSION = YES;
				CLANG_WARN_COMMA = YES;
				CLANG_WARN_CONSTANT_CONVERSION = YES;
				CLANG_WARN_DEPRECATED_OBJC_IMPLEMENTATIONS = YES;
				CLANG_WARN_DIRECT_OBJC_ISA_USAGE = YES_ERROR;
				CLANG_WARN_DOCUMENTATION_COMMENTS = YES;
				CLANG_WARN_EMPTY_BODY = YES;
				CLANG_WARN_ENUM_CONVERSION = YES;
				CLANG_WARN_INFINITE_RECURSION = YES;
				CLANG_WARN_INT_CONVERSION = YES;
				CLANG_WARN_NON_LITERAL_NULL_CONVERSION = YES;
				CLANG_WARN_OBJC_IMPLICIT_RETAIN_SELF = YES;
				CLANG_WARN_OBJC_LITERAL_CONVERSION = YES;
				CLANG_WARN_OBJC_ROOT_CLASS = YES_ERROR;
				CLANG_WARN_QUOTED_INCLUDE_IN_FRAMEWORK_HEADER = YES;
				CLANG_WARN_RANGE_LOOP_ANALYSIS = YES;
				CLANG_WARN_STRICT_PROTOTYPES = YES;
				CLANG_WARN_SUSPICIOUS_MOVE = YES;
				CLANG_WARN_UNGUARDED_AVAILABILITY = YES_AGGRESSIVE;
				CLANG_WARN_UNREACHABLE_CODE = YES;
				CLANG_WARN__DUPLICATE_METHOD_MATCH = YES;
				COPY_PHASE_STRIP = NO;
				DEBUG_INFORMATION_FORMAT = dwarf;
				ENABLE_STRICT_OBJC_MSGSEND = YES;
				ENABLE_TESTABILITY = YES;
				GCC_C_LANGUAGE_STANDARD = gnu11;
				GCC_DYNAMIC_NO_PIC = NO;
				GCC_NO_COMMON_BLOCKS = YES;
				GCC_OPTIMIZATION_LEVEL = 0;
				GCC_PREPROCESSOR_DEFINITIONS = (
					"DEBUG=1",
					"$(inherited)",
				);
				GCC_WARN_64_TO_32_BIT_CONVERSION = YES;
				GCC_WARN_ABOUT_RETURN_TYPE = YES_ERROR;
				GCC_WARN_UNDECLARED_SELECTOR = YES;
				GCC_WARN_UNINITIALIZED_AUTOS = YES_AGGRESSIVE;
				GCC_WARN_UNUSED_FUNCTION = YES;
				GCC_WARN_UNUSED_VARIABLE = YES;
				IPHONEOS_DEPLOYMENT_TARGET = 16.2;
				MTL_ENABLE_DEBUG_INFO = INCLUDE_SOURCE;
				MTL_FAST_MATH = YES;
				ONLY_ACTIVE_ARCH = YES;
				SDKROOT = iphoneos;
				SWIFT_ACTIVE_COMPILATION_CONDITIONS = DEBUG;
				SWIFT_OPTIMIZATION_LEVEL = "-Onone";
			};
			name = Debug;
		};
		294D609F29F1D25C00CE0463 /* Release */ = {
			isa = XCBuildConfiguration;
			buildSettings = {
				ALWAYS_SEARCH_USER_PATHS = NO;
				CLANG_ANALYZER_NONNULL = YES;
				CLANG_ANALYZER_NUMBER_OBJECT_CONVERSION = YES_AGGRESSIVE;
				CLANG_CXX_LANGUAGE_STANDARD = "gnu++20";
				CLANG_ENABLE_MODULES = YES;
				CLANG_ENABLE_OBJC_ARC = YES;
				CLANG_ENABLE_OBJC_WEAK = YES;
				CLANG_WARN_BLOCK_CAPTURE_AUTORELEASING = YES;
				CLANG_WARN_BOOL_CONVERSION = YES;
				CLANG_WARN_COMMA = YES;
				CLANG_WARN_CONSTANT_CONVERSION = YES;
				CLANG_WARN_DEPRECATED_OBJC_IMPLEMENTATIONS = YES;
				CLANG_WARN_DIRECT_OBJC_ISA_USAGE = YES_ERROR;
				CLANG_WARN_DOCUMENTATION_COMMENTS = YES;
				CLANG_WARN_EMPTY_BODY = YES;
				CLANG_WARN_ENUM_CONVERSION = YES;
				CLANG_WARN_INFINITE_RECURSION = YES;
				CLANG_WARN_INT_CONVERSION = YES;
				CLANG_WARN_NON_LITERAL_NULL_CONVERSION = YES;
				CLANG_WARN_OBJC_IMPLICIT_RETAIN_SELF = YES;
				CLANG_WARN_OBJC_LITERAL_CONVERSION = YES;
				CLANG_WARN_OBJC_ROOT_CLASS = YES_ERROR;
				CLANG_WARN_QUOTED_INCLUDE_IN_FRAMEWORK_HEADER = YES;
				CLANG_WARN_RANGE_LOOP_ANALYSIS = YES;
				CLANG_WARN_STRICT_PROTOTYPES = YES;
				CLANG_WARN_SUSPICIOUS_MOVE = YES;
				CLANG_WARN_UNGUARDED_AVAILABILITY = YES_AGGRESSIVE;
				CLANG_WARN_UNREACHABLE_CODE = YES;
				CLANG_WARN__DUPLICATE_METHOD_MATCH = YES;
				COPY_PHASE_STRIP = NO;
				DEBUG_INFORMATION_FORMAT = "dwarf-with-dsym";
				ENABLE_NS_ASSERTIONS = NO;
				ENABLE_STRICT_OBJC_MSGSEND = YES;
				GCC_C_LANGUAGE_STANDARD = gnu11;
				GCC_NO_COMMON_BLOCKS = YES;
				GCC_WARN_64_TO_32_BIT_CONVERSION = YES;
				GCC_WARN_ABOUT_RETURN_TYPE = YES_ERROR;
				GCC_WARN_UNDECLARED_SELECTOR = YES;
				GCC_WARN_UNINITIALIZED_AUTOS = YES_AGGRESSIVE;
				GCC_WARN_UNUSED_FUNCTION = YES;
				GCC_WARN_UNUSED_VARIABLE = YES;
				IPHONEOS_DEPLOYMENT_TARGET = 16.2;
				MTL_ENABLE_DEBUG_INFO = NO;
				MTL_FAST_MATH = YES;
				SDKROOT = iphoneos;
				SWIFT_COMPILATION_MODE = wholemodule;
				SWIFT_OPTIMIZATION_LEVEL = "-O";
				VALIDATE_PRODUCT = YES;
			};
			name = Release;
		};
		294D60A129F1D25C00CE0463 /* Debug */ = {
			isa = XCBuildConfiguration;
			buildSettings = {
				ASSETCATALOG_COMPILER_APPICON_NAME = AppIcon;
				ASSETCATALOG_COMPILER_GLOBAL_ACCENT_COLOR_NAME = AccentColor;
				CODE_SIGN_STYLE = Automatic;
				CURRENT_PROJECT_VERSION = 1;
				DEVELOPMENT_ASSET_PATHS = "\"Limbo/Preview Content\"";
				DEVELOPMENT_TEAM = 9HK4TRLPGW;
				ENABLE_PREVIEWS = YES;
				GENERATE_INFOPLIST_FILE = YES;
				INFOPLIST_FILE = Limbo/Info.plist;
				INFOPLIST_KEY_UIApplicationSceneManifest_Generation = YES;
				INFOPLIST_KEY_UIApplicationSupportsIndirectInputEvents = YES;
				INFOPLIST_KEY_UILaunchScreen_Generation = YES;
				INFOPLIST_KEY_UISupportedInterfaceOrientations_iPad = "UIInterfaceOrientationPortrait UIInterfaceOrientationPortraitUpsideDown UIInterfaceOrientationLandscapeLeft UIInterfaceOrientationLandscapeRight";
				INFOPLIST_KEY_UISupportedInterfaceOrientations_iPhone = "UIInterfaceOrientationPortrait UIInterfaceOrientationLandscapeLeft UIInterfaceOrientationLandscapeRight";
				LD_RUNPATH_SEARCH_PATHS = (
					"$(inherited)",
					"@executable_path/Frameworks",
				);
				MARKETING_VERSION = 1.0;
				PRODUCT_BUNDLE_IDENTIFIER = bartek.chadrys.Limbo;
				PRODUCT_NAME = "$(TARGET_NAME)";
				SWIFT_EMIT_LOC_STRINGS = YES;
				SWIFT_VERSION = 5.0;
				TARGETED_DEVICE_FAMILY = "1,2";
			};
			name = Debug;
		};
		294D60A229F1D25C00CE0463 /* Release */ = {
			isa = XCBuildConfiguration;
			buildSettings = {
				ASSETCATALOG_COMPILER_APPICON_NAME = AppIcon;
				ASSETCATALOG_COMPILER_GLOBAL_ACCENT_COLOR_NAME = AccentColor;
				CODE_SIGN_STYLE = Automatic;
				CURRENT_PROJECT_VERSION = 1;
				DEVELOPMENT_ASSET_PATHS = "\"Limbo/Preview Content\"";
				DEVELOPMENT_TEAM = 9HK4TRLPGW;
				ENABLE_PREVIEWS = YES;
				GENERATE_INFOPLIST_FILE = YES;
				INFOPLIST_FILE = Limbo/Info.plist;
				INFOPLIST_KEY_UIApplicationSceneManifest_Generation = YES;
				INFOPLIST_KEY_UIApplicationSupportsIndirectInputEvents = YES;
				INFOPLIST_KEY_UILaunchScreen_Generation = YES;
				INFOPLIST_KEY_UISupportedInterfaceOrientations_iPad = "UIInterfaceOrientationPortrait UIInterfaceOrientationPortraitUpsideDown UIInterfaceOrientationLandscapeLeft UIInterfaceOrientationLandscapeRight";
				INFOPLIST_KEY_UISupportedInterfaceOrientations_iPhone = "UIInterfaceOrientationPortrait UIInterfaceOrientationLandscapeLeft UIInterfaceOrientationLandscapeRight";
				LD_RUNPATH_SEARCH_PATHS = (
					"$(inherited)",
					"@executable_path/Frameworks",
				);
				MARKETING_VERSION = 1.0;
				PRODUCT_BUNDLE_IDENTIFIER = bartek.chadrys.Limbo;
				PRODUCT_NAME = "$(TARGET_NAME)";
				SWIFT_EMIT_LOC_STRINGS = YES;
				SWIFT_VERSION = 5.0;
				TARGETED_DEVICE_FAMILY = "1,2";
			};
			name = Release;
		};
/* End XCBuildConfiguration section */

/* Begin XCConfigurationList section */
		294D608D29F1D25B00CE0463 /* Build configuration list for PBXProject "Limbo" */ = {
			isa = XCConfigurationList;
			buildConfigurations = (
				294D609E29F1D25C00CE0463 /* Debug */,
				294D609F29F1D25C00CE0463 /* Release */,
			);
			defaultConfigurationIsVisible = 0;
			defaultConfigurationName = Release;
		};
		294D60A029F1D25C00CE0463 /* Build configuration list for PBXNativeTarget "Limbo" */ = {
			isa = XCConfigurationList;
			buildConfigurations = (
				294D60A129F1D25C00CE0463 /* Debug */,
				294D60A229F1D25C00CE0463 /* Release */,
			);
			defaultConfigurationIsVisible = 0;
			defaultConfigurationName = Release;
		};
/* End XCConfigurationList section */
	};
	rootObject = 294D608A29F1D25B00CE0463 /* Project object */;
}
