// !$*UTF8*$!
{
	archiveVersion = 1;
	classes = {
	};
	objectVersion = 56;
	objects = {

/* Begin PBXBuildFile section */
		294D609629F1D25B00CE0463 /* LimboApp.swift in Sources */ = {isa = PBXBuildFile; fileRef = 294D609529F1D25B00CE0463 /* LimboApp.swift */; };
		294D609829F1D25B00CE0463 /* ContentView.swift in Sources */ = {isa = PBXBuildFile; fileRef = 294D609729F1D25B00CE0463 /* ContentView.swift */; };
		294D609A29F1D25C00CE0463 /* Assets.xcassets in Resources */ = {isa = PBXBuildFile; fileRef = 294D609929F1D25C00CE0463 /* Assets.xcassets */; };
		294D609D29F1D25C00CE0463 /* Preview Assets.xcassets in Resources */ = {isa = PBXBuildFile; fileRef = 294D609C29F1D25C00CE0463 /* Preview Assets.xcassets */; };
		294D60BB29F1D54500CE0463 /* Montserrat-SemiBold.ttf in Resources */ = {isa = PBXBuildFile; fileRef = 294D60A929F1D54400CE0463 /* Montserrat-SemiBold.ttf */; };
		294D60C029F1D54500CE0463 /* Montserrat-Light.ttf in Resources */ = {isa = PBXBuildFile; fileRef = 294D60AE29F1D54400CE0463 /* Montserrat-Light.ttf */; };
		294D60C329F1D54500CE0463 /* Montserrat-Bold.ttf in Resources */ = {isa = PBXBuildFile; fileRef = 294D60B129F1D54400CE0463 /* Montserrat-Bold.ttf */; };
		294D60C429F1D54500CE0463 /* Montserrat-Medium.ttf in Resources */ = {isa = PBXBuildFile; fileRef = 294D60B229F1D54500CE0463 /* Montserrat-Medium.ttf */; };
		294D60C629F1D54500CE0463 /* Montserrat-Regular.ttf in Resources */ = {isa = PBXBuildFile; fileRef = 294D60B429F1D54500CE0463 /* Montserrat-Regular.ttf */; };
		294D60CA29F1E2C800CE0463 /* GradientButton.swift in Sources */ = {isa = PBXBuildFile; fileRef = 294D60C929F1E2C800CE0463 /* GradientButton.swift */; };
/* End PBXBuildFile section */

/* Begin PBXFileReference section */
		294D609229F1D25B00CE0463 /* Limbo.app */ = {isa = PBXFileReference; explicitFileType = wrapper.application; includeInIndex = 0; path = Limbo.app; sourceTree = BUILT_PRODUCTS_DIR; };
		294D609529F1D25B00CE0463 /* LimboApp.swift */ = {isa = PBXFileReference; lastKnownFileType = sourcecode.swift; path = LimboApp.swift; sourceTree = "<group>"; };
		294D609729F1D25B00CE0463 /* ContentView.swift */ = {isa = PBXFileReference; lastKnownFileType = sourcecode.swift; path = ContentView.swift; sourceTree = "<group>"; };
		294D609929F1D25C00CE0463 /* Assets.xcassets */ = {isa = PBXFileReference; lastKnownFileType = folder.assetcatalog; path = Assets.xcassets; sourceTree = "<group>"; };
		294D609C29F1D25C00CE0463 /* Preview Assets.xcassets */ = {isa = PBXFileReference; lastKnownFileType = folder.assetcatalog; path = "Preview Assets.xcassets"; sourceTree = "<group>"; };
		294D60A929F1D54400CE0463 /* Montserrat-SemiBold.ttf */ = {isa = PBXFileReference; lastKnownFileType = file; path = "Montserrat-SemiBold.ttf"; sourceTree = "<group>"; };
		294D60AE29F1D54400CE0463 /* Montserrat-Light.ttf */ = {isa = PBXFileReference; lastKnownFileType = file; path = "Montserrat-Light.ttf"; sourceTree = "<group>"; };
		294D60B129F1D54400CE0463 /* Montserrat-Bold.ttf */ = {isa = PBXFileReference; lastKnownFileType = file; path = "Montserrat-Bold.ttf"; sourceTree = "<group>"; };
		294D60B229F1D54500CE0463 /* Montserrat-Medium.ttf */ = {isa = PBXFileReference; lastKnownFileType = file; path = "Montserrat-Medium.ttf"; sourceTree = "<group>"; };
		294D60B429F1D54500CE0463 /* Montserrat-Regular.ttf */ = {isa = PBXFileReference; lastKnownFileType = file; path = "Montserrat-Regular.ttf"; sourceTree = "<group>"; };
		294D60C829F1D5C100CE0463 /* Info.plist */ = {isa = PBXFileReference; lastKnownFileType = text.plist; path = Info.plist; sourceTree = "<group>"; };
		294D60C929F1E2C800CE0463 /* GradientButton.swift */ = {isa = PBXFileReference; lastKnownFileType = sourcecode.swift; path = GradientButton.swift; sourceTree = "<group>"; };
/* End PBXFileReference section */

/* Begin PBXFrameworksBuildPhase section */
		294D608F29F1D25B00CE0463 /* Frameworks */ = {
			isa = PBXFrameworksBuildPhase;
			buildActionMask = 2147483647;
			files = (
			);
			runOnlyForDeploymentPostprocessing = 0;
		};
/* End PBXFrameworksBuildPhase section */

/* Begin PBXGroup section */
		294D608929F1D25B00CE0463 = {
			isa = PBXGroup;
			children = (
				294D609429F1D25B00CE0463 /* Limbo */,
				294D609329F1D25B00CE0463 /* Products */,
			);
			sourceTree = "<group>";
		};
		294D609329F1D25B00CE0463 /* Products */ = {
			isa = PBXGroup;
			children = (
				294D609229F1D25B00CE0463 /* Limbo.app */,
			);
			name = Products;
			sourceTree = "<group>";
		};
		294D609429F1D25B00CE0463 /* Limbo */ = {
			isa = PBXGroup;
			children = (
				294D60C829F1D5C100CE0463 /* Info.plist */,
				294D609529F1D25B00CE0463 /* LimboApp.swift */,
				294D609729F1D25B00CE0463 /* ContentView.swift */,
				294D609929F1D25C00CE0463 /* Assets.xcassets */,
				294D60A329F1D52B00CE0463 /* Fonts */,
				294D609B29F1D25C00CE0463 /* Preview Content */,
				294D60C929F1E2C800CE0463 /* GradientButton.swift */,
			);
			path = Limbo;
			sourceTree = "<group>";
		};
		294D609B29F1D25C00CE0463 /* Preview Content */ = {
			isa = PBXGroup;
			children = (
				294D609C29F1D25C00CE0463 /* Preview Assets.xcassets */,
			);
			path = "Preview Content";
			sourceTree = "<group>";
		};
		294D60A329F1D52B00CE0463 /* Fonts */ = {
			isa = PBXGroup;
			children = (
				294D60B129F1D54400CE0463 /* Montserrat-Bold.ttf */,
				294D60AE29F1D54400CE0463 /* Montserrat-Light.ttf */,
				294D60B229F1D54500CE0463 /* Montserrat-Medium.ttf */,
				294D60B429F1D54500CE0463 /* Montserrat-Regular.ttf */,
				294D60A929F1D54400CE0463 /* Montserrat-SemiBold.ttf */,
			);
			path = Fonts;
			sourceTree = "<group>";
		};
/* End PBXGroup section */

/* Begin PBXNativeTarget section */
		294D609129F1D25B00CE0463 /* Limbo */ = {
			isa = PBXNativeTarget;
			buildConfigurationList = 294D60A029F1D25C00CE0463 /* Build configuration list for PBXNativeTarget "Limbo" */;
			buildPhases = (
				294D608E29F1D25B00CE0463 /* Sources */,
				294D608F29F1D25B00CE0463 /* Frameworks */,
				294D609029F1D25B00CE0463 /* Resources */,
			);
			buildRules = (
			);
			dependencies = (
			);
			name = Limbo;
			productName = Limbo;
			productReference = 294D609229F1D25B00CE0463 /* Limbo.app */;
			productType = "com.apple.product-type.application";
		};
/* End PBXNativeTarget section */

/* Begin PBXProject section */
		294D608A29F1D25B00CE0463 /* Project object */ = {
			isa = PBXProject;
			attributes = {
				BuildIndependentTargetsInParallel = 1;
				LastSwiftUpdateCheck = 1420;
				LastUpgradeCheck = 1420;
				TargetAttributes = {
					294D609129F1D25B00CE0463 = {
						CreatedOnToolsVersion = 14.2;
					};
				};
			};
			buildConfigurationList = 294D608D29F1D25B00CE0463 /* Build configuration list for PBXProject "Limbo" */;
			compatibilityVersion = "Xcode 14.0";
			developmentRegion = en;
			hasScannedForEncodings = 0;
			knownRegions = (
				en,
				Base,
			);
			mainGroup = 294D608929F1D25B00CE0463;
			productRefGroup = 294D609329F1D25B00CE0463 /* Products */;
			projectDirPath = "";
			projectRoot = "";
			targets = (
				294D609129F1D25B00CE0463 /* Limbo */,
			);
		};
/* End PBXProject section */

/* Begin PBXResourcesBuildPhase section */
		294D609029F1D25B00CE0463 /* Resources */ = {
			isa = PBXResourcesBuildPhase;
			buildActionMask = 2147483647;
			files = (
				294D60C429F1D54500CE0463 /* Montserrat-Medium.ttf in Resources */,
				294D609D29F1D25C00CE0463 /* Preview Assets.xcassets in Resources */,
				294D60C629F1D54500CE0463 /* Montserrat-Regular.ttf in Resources */,
				294D609A29F1D25C00CE0463 /* Assets.xcassets in Resources */,
				294D60BB29F1D54500CE0463 /* Montserrat-SemiBold.ttf in Resources */,
				294D60C329F1D54500CE0463 /* Montserrat-Bold.ttf in Resources */,
				294D60C029F1D54500CE0463 /* Montserrat-Light.ttf in Resources */,
			);
			runOnlyForDeploymentPostprocessing = 0;
		};
/* End PBXResourcesBuildPhase section */

/* Begin PBXSourcesBuildPhase section */
		294D608E29F1D25B00CE0463 /* Sources */ = {
			isa = PBXSourcesBuildPhase;
			buildActionMask = 2147483647;
			files = (
				294D609829F1D25B00CE0463 /* ContentView.swift in Sources */,
				294D60CA29F1E2C800CE0463 /* GradientButton.swift in Sources */,
				294D609629F1D25B00CE0463 /* LimboApp.swift in Sources */,
			);
			runOnlyForDeploymentPostprocessing = 0;
		};
/* End PBXSourcesBuildPhase section */

/* Begin XCBuildConfiguration section */
		294D609E29F1D25C00CE0463 /* Debug */ = {
			isa = XCBuildConfiguration;
			buildSettings = {
				ALWAYS_SEARCH_USER_PATHS = NO;
				CLANG_ANALYZER_NONNULL = YES;
				CLANG_ANALYZER_NUMBER_OBJECT_CONVERSION = YES_AGGRESSIVE;
				CLANG_CXX_LANGUAGE_STANDARD = "gnu++20";
				CLANG_ENABLE_MODULES = YES;
				CLANG_ENABLE_OBJC_ARC = YES;
				CLANG_ENABLE_OBJC_WEAK = YES;
				CLANG_WARN_BLOCK_CAPTURE_AUTORELEASING = YES;
				CLANG_WARN_BOOL_CONVERSION = YES;
				CLANG_WARN_COMMA = YES;
				CLANG_WARN_CONSTANT_CONVERSION = YES;
				CLANG_WARN_DEPRECATED_OBJC_IMPLEMENTATIONS = YES;
				CLANG_WARN_DIRECT_OBJC_ISA_USAGE = YES_ERROR;
				CLANG_WARN_DOCUMENTATION_COMMENTS = YES;
				CLANG_WARN_EMPTY_BODY = YES;
				CLANG_WARN_ENUM_CONVERSION = YES;
				CLANG_WARN_INFINITE_RECURSION = YES;
				CLANG_WARN_INT_CONVERSION = YES;
				CLANG_WARN_NON_LITERAL_NULL_CONVERSION = YES;
				CLANG_WARN_OBJC_IMPLICIT_RETAIN_SELF = YES;
				CLANG_WARN_OBJC_LITERAL_CONVERSION = YES;
				CLANG_WARN_OBJC_ROOT_CLASS = YES_ERROR;
				CLANG_WARN_QUOTED_INCLUDE_IN_FRAMEWORK_HEADER = YES;
				CLANG_WARN_RANGE_LOOP_ANALYSIS = YES;
				CLANG_WARN_STRICT_PROTOTYPES = YES;
				CLANG_WARN_SUSPICIOUS_MOVE = YES;
				CLANG_WARN_UNGUARDED_AVAILABILITY = YES_AGGRESSIVE;
				CLANG_WARN_UNREACHABLE_CODE = YES;
				CLANG_WARN__DUPLICATE_METHOD_MATCH = YES;
				COPY_PHASE_STRIP = NO;
				DEBUG_INFORMATION_FORMAT = dwarf;
				ENABLE_STRICT_OBJC_MSGSEND = YES;
				ENABLE_TESTABILITY = YES;
				GCC_C_LANGUAGE_STANDARD = gnu11;
				GCC_DYNAMIC_NO_PIC = NO;
				GCC_NO_COMMON_BLOCKS = YES;
				GCC_OPTIMIZATION_LEVEL = 0;
				GCC_PREPROCESSOR_DEFINITIONS = (
					"DEBUG=1",
					"$(inherited)",
				);
				GCC_WARN_64_TO_32_BIT_CONVERSION = YES;
				GCC_WARN_ABOUT_RETURN_TYPE = YES_ERROR;
				GCC_WARN_UNDECLARED_SELECTOR = YES;
				GCC_WARN_UNINITIALIZED_AUTOS = YES_AGGRESSIVE;
				GCC_WARN_UNUSED_FUNCTION = YES;
				GCC_WARN_UNUSED_VARIABLE = YES;
				IPHONEOS_DEPLOYMENT_TARGET = 16.2;
				MTL_ENABLE_DEBUG_INFO = INCLUDE_SOURCE;
				MTL_FAST_MATH = YES;
				ONLY_ACTIVE_ARCH = YES;
				SDKROOT = iphoneos;
				SWIFT_ACTIVE_COMPILATION_CONDITIONS = DEBUG;
				SWIFT_OPTIMIZATION_LEVEL = "-Onone";
			};
			name = Debug;
		};
		294D609F29F1D25C00CE0463 /* Release */ = {
			isa = XCBuildConfiguration;
			buildSettings = {
				ALWAYS_SEARCH_USER_PATHS = NO;
				CLANG_ANALYZER_NONNULL = YES;
				CLANG_ANALYZER_NUMBER_OBJECT_CONVERSION = YES_AGGRESSIVE;
				CLANG_CXX_LANGUAGE_STANDARD = "gnu++20";
				CLANG_ENABLE_MODULES = YES;
				CLANG_ENABLE_OBJC_ARC = YES;
				CLANG_ENABLE_OBJC_WEAK = YES;
				CLANG_WARN_BLOCK_CAPTURE_AUTORELEASING = YES;
				CLANG_WARN_BOOL_CONVERSION = YES;
				CLANG_WARN_COMMA = YES;
				CLANG_WARN_CONSTANT_CONVERSION = YES;
				CLANG_WARN_DEPRECATED_OBJC_IMPLEMENTATIONS = YES;
				CLANG_WARN_DIRECT_OBJC_ISA_USAGE = YES_ERROR;
				CLANG_WARN_DOCUMENTATION_COMMENTS = YES;
				CLANG_WARN_EMPTY_BODY = YES;
				CLANG_WARN_ENUM_CONVERSION = YES;
				CLANG_WARN_INFINITE_RECURSION = YES;
				CLANG_WARN_INT_CONVERSION = YES;
				CLANG_WARN_NON_LITERAL_NULL_CONVERSION = YES;
				CLANG_WARN_OBJC_IMPLICIT_RETAIN_SELF = YES;
				CLANG_WARN_OBJC_LITERAL_CONVERSION = YES;
				CLANG_WARN_OBJC_ROOT_CLASS = YES_ERROR;
				CLANG_WARN_QUOTED_INCLUDE_IN_FRAMEWORK_HEADER = YES;
				CLANG_WARN_RANGE_LOOP_ANALYSIS = YES;
				CLANG_WARN_STRICT_PROTOTYPES = YES;
				CLANG_WARN_SUSPICIOUS_MOVE = YES;
				CLANG_WARN_UNGUARDED_AVAILABILITY = YES_AGGRESSIVE;
				CLANG_WARN_UNREACHABLE_CODE = YES;
				CLANG_WARN__DUPLICATE_METHOD_MATCH = YES;
				COPY_PHASE_STRIP = NO;
				DEBUG_INFORMATION_FORMAT = "dwarf-with-dsym";
				ENABLE_NS_ASSERTIONS = NO;
				ENABLE_STRICT_OBJC_MSGSEND = YES;
				GCC_C_LANGUAGE_STANDARD = gnu11;
				GCC_NO_COMMON_BLOCKS = YES;
				GCC_WARN_64_TO_32_BIT_CONVERSION = YES;
				GCC_WARN_ABOUT_RETURN_TYPE = YES_ERROR;
				GCC_WARN_UNDECLARED_SELECTOR = YES;
				GCC_WARN_UNINITIALIZED_AUTOS = YES_AGGRESSIVE;
				GCC_WARN_UNUSED_FUNCTION = YES;
				GCC_WARN_UNUSED_VARIABLE = YES;
				IPHONEOS_DEPLOYMENT_TARGET = 16.2;
				MTL_ENABLE_DEBUG_INFO = NO;
				MTL_FAST_MATH = YES;
				SDKROOT = iphoneos;
				SWIFT_COMPILATION_MODE = wholemodule;
				SWIFT_OPTIMIZATION_LEVEL = "-O";
				VALIDATE_PRODUCT = YES;
			};
			name = Release;
		};
		294D60A129F1D25C00CE0463 /* Debug */ = {
			isa = XCBuildConfiguration;
			buildSettings = {
				ASSETCATALOG_COMPILER_APPICON_NAME = AppIcon;
				ASSETCATALOG_COMPILER_GLOBAL_ACCENT_COLOR_NAME = AccentColor;
				CODE_SIGN_STYLE = Automatic;
				CURRENT_PROJECT_VERSION = 1;
				DEVELOPMENT_ASSET_PATHS = "\"Limbo/Preview Content\"";
				DEVELOPMENT_TEAM = 9HK4TRLPGW;
				ENABLE_PREVIEWS = YES;
				GENERATE_INFOPLIST_FILE = YES;
				INFOPLIST_FILE = Limbo/Info.plist;
				INFOPLIST_KEY_UIApplicationSceneManifest_Generation = YES;
				INFOPLIST_KEY_UIApplicationSupportsIndirectInputEvents = YES;
				INFOPLIST_KEY_UILaunchScreen_Generation = YES;
				INFOPLIST_KEY_UISupportedInterfaceOrientations_iPad = "UIInterfaceOrientationPortrait UIInterfaceOrientationPortraitUpsideDown UIInterfaceOrientationLandscapeLeft UIInterfaceOrientationLandscapeRight";
				INFOPLIST_KEY_UISupportedInterfaceOrientations_iPhone = "UIInterfaceOrientationPortrait UIInterfaceOrientationLandscapeLeft UIInterfaceOrientationLandscapeRight";
				LD_RUNPATH_SEARCH_PATHS = (
					"$(inherited)",
					"@executable_path/Frameworks",
				);
				MARKETING_VERSION = 1.0;
				PRODUCT_BUNDLE_IDENTIFIER = bartek.chadrys.Limbo;
				PRODUCT_NAME = "$(TARGET_NAME)";
				SWIFT_EMIT_LOC_STRINGS = YES;
				SWIFT_VERSION = 5.0;
				TARGETED_DEVICE_FAMILY = "1,2";
			};
			name = Debug;
		};
		294D60A229F1D25C00CE0463 /* Release */ = {
			isa = XCBuildConfiguration;
			buildSettings = {
				ASSETCATALOG_COMPILER_APPICON_NAME = AppIcon;
				ASSETCATALOG_COMPILER_GLOBAL_ACCENT_COLOR_NAME = AccentColor;
				CODE_SIGN_STYLE = Automatic;
				CURRENT_PROJECT_VERSION = 1;
				DEVELOPMENT_ASSET_PATHS = "\"Limbo/Preview Content\"";
				DEVELOPMENT_TEAM = 9HK4TRLPGW;
				ENABLE_PREVIEWS = YES;
				GENERATE_INFOPLIST_FILE = YES;
				INFOPLIST_FILE = Limbo/Info.plist;
				INFOPLIST_KEY_UIApplicationSceneManifest_Generation = YES;
				INFOPLIST_KEY_UIApplicationSupportsIndirectInputEvents = YES;
				INFOPLIST_KEY_UILaunchScreen_Generation = YES;
				INFOPLIST_KEY_UISupportedInterfaceOrientations_iPad = "UIInterfaceOrientationPortrait UIInterfaceOrientationPortraitUpsideDown UIInterfaceOrientationLandscapeLeft UIInterfaceOrientationLandscapeRight";
				INFOPLIST_KEY_UISupportedInterfaceOrientations_iPhone = "UIInterfaceOrientationPortrait UIInterfaceOrientationLandscapeLeft UIInterfaceOrientationLandscapeRight";
				LD_RUNPATH_SEARCH_PATHS = (
					"$(inherited)",
					"@executable_path/Frameworks",
				);
				MARKETING_VERSION = 1.0;
				PRODUCT_BUNDLE_IDENTIFIER = bartek.chadrys.Limbo;
				PRODUCT_NAME = "$(TARGET_NAME)";
				SWIFT_EMIT_LOC_STRINGS = YES;
				SWIFT_VERSION = 5.0;
				TARGETED_DEVICE_FAMILY = "1,2";
			};
			name = Release;
		};
/* End XCBuildConfiguration section */

/* Begin XCConfigurationList section */
		294D608D29F1D25B00CE0463 /* Build configuration list for PBXProject "Limbo" */ = {
			isa = XCConfigurationList;
			buildConfigurations = (
				294D609E29F1D25C00CE0463 /* Debug */,
				294D609F29F1D25C00CE0463 /* Release */,
			);
			defaultConfigurationIsVisible = 0;
			defaultConfigurationName = Release;
		};
		294D60A029F1D25C00CE0463 /* Build configuration list for PBXNativeTarget "Limbo" */ = {
			isa = XCConfigurationList;
			buildConfigurations = (
				294D60A129F1D25C00CE0463 /* Debug */,
				294D60A229F1D25C00CE0463 /* Release */,
			);
			defaultConfigurationIsVisible = 0;
			defaultConfigurationName = Release;
		};
/* End XCConfigurationList section */
	};
	rootObject = 294D608A29F1D25B00CE0463 /* Project object */;
}
